
Microsoft Visual Studio Solution File, Format Version 12.00
# Visual Studio Version 17
VisualStudioVersion = 17.7.34031.279
MinimumVisualStudioVersion = 10.0.40219.1
Project("{FAE04EC0-301F-11D3-BF4B-00C04F79EFBC}") = "filteringStatements", "filteringStatements\filteringStatements.csproj", "{B700DFC8-A7D8-439E-A3D8-27D18C0FAFFA}"
EndProject
Global
	GlobalSection(SolutionConfigurationPlatforms) = preSolution
		Debug|Any CPU = Debug|Any CPU
		Release|Any CPU = Release|Any CPU
	EndGlobalSection
	GlobalSection(ProjectConfigurationPlatforms) = postSolution
		{B700DFC8-A7D8-439E-A3D8-27D18C0FAFFA}.Debug|Any CPU.ActiveCfg = Debug|Any CPU
		{B700DFC8-A7D8-439E-A3D8-27D18C0FAFFA}.Debug|Any CPU.Build.0 = Debug|Any CPU
		{B700DFC8-A7D8-439E-A3D8-27D18C0FAFFA}.Release|Any CPU.ActiveCfg = Release|Any CPU
		{B700DFC8-A7D8-439E-A3D8-27D18C0FAFFA}.Release|Any CPU.Build.0 = Release|Any CPU
	EndGlobalSection
	GlobalSection(SolutionProperties) = preSolution
		HideSolutionNode = FALSE
	EndGlobalSection
	GlobalSection(ExtensibilityGlobals) = postSolution
		SolutionGuid = {1BF114F2-456C-435B-AFFE-100EA176EB4A}
	EndGlobalSection
EndGlobal
